// !$*UTF8*$!
{
	archiveVersion = 1;
	classes = {
	};
	objectVersion = 50;
	objects = {

/* Begin PBXBuildFile section */
		CA1E808422C8083500BE2803 /* AppDelegate.swift in Sources */ = {isa = PBXBuildFile; fileRef = CA1E808322C8083500BE2803 /* AppDelegate.swift */; };
		CA1E808922C8083500BE2803 /* Main.storyboard in Resources */ = {isa = PBXBuildFile; fileRef = CA1E808722C8083500BE2803 /* Main.storyboard */; };
		CA1E808B22C8083600BE2803 /* Assets.xcassets in Resources */ = {isa = PBXBuildFile; fileRef = CA1E808A22C8083600BE2803 /* Assets.xcassets */; };
		CA1E808E22C8083600BE2803 /* LaunchScreen.storyboard in Resources */ = {isa = PBXBuildFile; fileRef = CA1E808C22C8083600BE2803 /* LaunchScreen.storyboard */; };
		CA1E809A22C8096E00BE2803 /* 001-Daily_Polish_Listening.pdf in Resources */ = {isa = PBXBuildFile; fileRef = CA1E809622C8096E00BE2803 /* 001-Daily_Polish_Listening.pdf */; };
		CA1E809B22C8096E00BE2803 /* DPL002.mp3 in Resources */ = {isa = PBXBuildFile; fileRef = CA1E809722C8096E00BE2803 /* DPL002.mp3 */; };
		CA1E809C22C8096E00BE2803 /* DPL001.mp3 in Resources */ = {isa = PBXBuildFile; fileRef = CA1E809822C8096E00BE2803 /* DPL001.mp3 */; };
		CA1E809D22C8096E00BE2803 /* 002-Daily_Polish_Listening.pdf in Resources */ = {isa = PBXBuildFile; fileRef = CA1E809922C8096E00BE2803 /* 002-Daily_Polish_Listening.pdf */; };
		CA1E80A022C810B500BE2803 /* MediaTarget.swift in Sources */ = {isa = PBXBuildFile; fileRef = CA1E809F22C810B500BE2803 /* MediaTarget.swift */; };
		CAE91CED22C83BB3002DE4EA /* MediaTargetProvider.swift in Sources */ = {isa = PBXBuildFile; fileRef = CAE91CEC22C83BB3002DE4EA /* MediaTargetProvider.swift */; };
		CAE91CEF22C83FAB002DE4EA /* MediaTargetTableViewController.swift in Sources */ = {isa = PBXBuildFile; fileRef = CAE91CEE22C83FAB002DE4EA /* MediaTargetTableViewController.swift */; };
		CAE91CF122C85930002DE4EA /* ID3Tag.swift in Sources */ = {isa = PBXBuildFile; fileRef = CAE91CF022C85930002DE4EA /* ID3Tag.swift */; };
		CAE91CF322C94089002DE4EA /* DPL051.mp3 in Resources */ = {isa = PBXBuildFile; fileRef = CAE91CF222C94089002DE4EA /* DPL051.mp3 */; };
/* End PBXBuildFile section */

/* Begin PBXFileReference section */
		CA1E808022C8083500BE2803 /* Shadowing.app */ = {isa = PBXFileReference; explicitFileType = wrapper.application; includeInIndex = 0; path = Shadowing.app; sourceTree = BUILT_PRODUCTS_DIR; };
		CA1E808322C8083500BE2803 /* AppDelegate.swift */ = {isa = PBXFileReference; lastKnownFileType = sourcecode.swift; path = AppDelegate.swift; sourceTree = "<group>"; };
		CA1E808822C8083500BE2803 /* Base */ = {isa = PBXFileReference; lastKnownFileType = file.storyboard; name = Base; path = Base.lproj/Main.storyboard; sourceTree = "<group>"; };
		CA1E808A22C8083600BE2803 /* Assets.xcassets */ = {isa = PBXFileReference; lastKnownFileType = folder.assetcatalog; path = Assets.xcassets; sourceTree = "<group>"; };
		CA1E808D22C8083600BE2803 /* Base */ = {isa = PBXFileReference; lastKnownFileType = file.storyboard; name = Base; path = Base.lproj/LaunchScreen.storyboard; sourceTree = "<group>"; };
		CA1E808F22C8083600BE2803 /* Info.plist */ = {isa = PBXFileReference; lastKnownFileType = text.plist.xml; path = Info.plist; sourceTree = "<group>"; };
		CA1E809622C8096E00BE2803 /* 001-Daily_Polish_Listening.pdf */ = {isa = PBXFileReference; lastKnownFileType = image.pdf; path = "001-Daily_Polish_Listening.pdf"; sourceTree = "<group>"; };
		CA1E809722C8096E00BE2803 /* DPL002.mp3 */ = {isa = PBXFileReference; lastKnownFileType = audio.mp3; path = DPL002.mp3; sourceTree = "<group>"; };
		CA1E809822C8096E00BE2803 /* DPL001.mp3 */ = {isa = PBXFileReference; lastKnownFileType = audio.mp3; path = DPL001.mp3; sourceTree = "<group>"; };
		CA1E809922C8096E00BE2803 /* 002-Daily_Polish_Listening.pdf */ = {isa = PBXFileReference; lastKnownFileType = image.pdf; path = "002-Daily_Polish_Listening.pdf"; sourceTree = "<group>"; };
		CA1E809F22C810B500BE2803 /* MediaTarget.swift */ = {isa = PBXFileReference; lastKnownFileType = sourcecode.swift; path = MediaTarget.swift; sourceTree = "<group>"; };
		CAE91CEC22C83BB3002DE4EA /* MediaTargetProvider.swift */ = {isa = PBXFileReference; lastKnownFileType = sourcecode.swift; path = MediaTargetProvider.swift; sourceTree = "<group>"; };
		CAE91CEE22C83FAB002DE4EA /* MediaTargetTableViewController.swift */ = {isa = PBXFileReference; lastKnownFileType = sourcecode.swift; path = MediaTargetTableViewController.swift; sourceTree = "<group>"; };
		CAE91CF022C85930002DE4EA /* ID3Tag.swift */ = {isa = PBXFileReference; lastKnownFileType = sourcecode.swift; path = ID3Tag.swift; sourceTree = "<group>"; };
		CAE91CF222C94089002DE4EA /* DPL051.mp3 */ = {isa = PBXFileReference; lastKnownFileType = audio.mp3; path = DPL051.mp3; sourceTree = "<group>"; };
/* End PBXFileReference section */

/* Begin PBXFrameworksBuildPhase section */
		CA1E807D22C8083500BE2803 /* Frameworks */ = {
			isa = PBXFrameworksBuildPhase;
			buildActionMask = 2147483647;
			files = (
			);
			runOnlyForDeploymentPostprocessing = 0;
		};
/* End PBXFrameworksBuildPhase section */

/* Begin PBXGroup section */
		CA1E807722C8083500BE2803 = {
			isa = PBXGroup;
			children = (
				CA1E808222C8083500BE2803 /* Shadowing */,
				CA1E808122C8083500BE2803 /* Products */,
			);
			sourceTree = "<group>";
		};
		CA1E808122C8083500BE2803 /* Products */ = {
			isa = PBXGroup;
			children = (
				CA1E808022C8083500BE2803 /* Shadowing.app */,
			);
			name = Products;
			sourceTree = "<group>";
		};
		CA1E808222C8083500BE2803 /* Shadowing */ = {
			isa = PBXGroup;
			children = (
				CA1E809E22C80AD300BE2803 /* Data */,
				CA1E809522C8094C00BE2803 /* Content */,
				CA1E808322C8083500BE2803 /* AppDelegate.swift */,
				CA1E808722C8083500BE2803 /* Main.storyboard */,
				CA1E808A22C8083600BE2803 /* Assets.xcassets */,
				CA1E808C22C8083600BE2803 /* LaunchScreen.storyboard */,
				CA1E808F22C8083600BE2803 /* Info.plist */,
				CAE91CEE22C83FAB002DE4EA /* MediaTargetTableViewController.swift */,
			);
			path = Shadowing;
			sourceTree = "<group>";
		};
		CA1E809522C8094C00BE2803 /* Content */ = {
			isa = PBXGroup;
			children = (
				CA1E809622C8096E00BE2803 /* 001-Daily_Polish_Listening.pdf */,
				CA1E809922C8096E00BE2803 /* 002-Daily_Polish_Listening.pdf */,
				CA1E809822C8096E00BE2803 /* DPL001.mp3 */,
				CA1E809722C8096E00BE2803 /* DPL002.mp3 */,
				CAE91CF222C94089002DE4EA /* DPL051.mp3 */,
			);
			path = Content;
			sourceTree = "<group>";
		};
		CA1E809E22C80AD300BE2803 /* Data */ = {
			isa = PBXGroup;
			children = (
				CA1E809F22C810B500BE2803 /* MediaTarget.swift */,
				CAE91CEC22C83BB3002DE4EA /* MediaTargetProvider.swift */,
				CAE91CF022C85930002DE4EA /* ID3Tag.swift */,
			);
			path = Data;
			sourceTree = "<group>";
		};
/* End PBXGroup section */

/* Begin PBXNativeTarget section */
		CA1E807F22C8083500BE2803 /* Shadowing */ = {
			isa = PBXNativeTarget;
			buildConfigurationList = CA1E809222C8083600BE2803 /* Build configuration list for PBXNativeTarget "Shadowing" */;
			buildPhases = (
				CA1E807C22C8083500BE2803 /* Sources */,
				CA1E807D22C8083500BE2803 /* Frameworks */,
				CA1E807E22C8083500BE2803 /* Resources */,
			);
			buildRules = (
			);
			dependencies = (
			);
			name = Shadowing;
			productName = Shadowing;
			productReference = CA1E808022C8083500BE2803 /* Shadowing.app */;
			productType = "com.apple.product-type.application";
		};
/* End PBXNativeTarget section */

/* Begin PBXProject section */
		CA1E807822C8083500BE2803 /* Project object */ = {
			isa = PBXProject;
			attributes = {
				LastSwiftUpdateCheck = 1020;
				LastUpgradeCheck = 1020;
				ORGANIZATIONNAME = "Pete Zalewski";
				TargetAttributes = {
					CA1E807F22C8083500BE2803 = {
						CreatedOnToolsVersion = 10.2.1;
					};
				};
			};
			buildConfigurationList = CA1E807B22C8083500BE2803 /* Build configuration list for PBXProject "Shadowing" */;
			compatibilityVersion = "Xcode 9.3";
			developmentRegion = en;
			hasScannedForEncodings = 0;
			knownRegions = (
				en,
				Base,
			);
			mainGroup = CA1E807722C8083500BE2803;
			productRefGroup = CA1E808122C8083500BE2803 /* Products */;
			projectDirPath = "";
			projectRoot = "";
			targets = (
				CA1E807F22C8083500BE2803 /* Shadowing */,
			);
		};
/* End PBXProject section */

/* Begin PBXResourcesBuildPhase section */
		CA1E807E22C8083500BE2803 /* Resources */ = {
			isa = PBXResourcesBuildPhase;
			buildActionMask = 2147483647;
			files = (
				CA1E808E22C8083600BE2803 /* LaunchScreen.storyboard in Resources */,
				CA1E809A22C8096E00BE2803 /* 001-Daily_Polish_Listening.pdf in Resources */,
				CA1E809B22C8096E00BE2803 /* DPL002.mp3 in Resources */,
				CA1E809C22C8096E00BE2803 /* DPL001.mp3 in Resources */,
				CA1E808B22C8083600BE2803 /* Assets.xcassets in Resources */,
				CA1E809D22C8096E00BE2803 /* 002-Daily_Polish_Listening.pdf in Resources */,
				CAE91CF322C94089002DE4EA /* DPL051.mp3 in Resources */,
				CA1E808922C8083500BE2803 /* Main.storyboard in Resources */,
			);
			runOnlyForDeploymentPostprocessing = 0;
		};
/* End PBXResourcesBuildPhase section */

/* Begin PBXSourcesBuildPhase section */
		CA1E807C22C8083500BE2803 /* Sources */ = {
			isa = PBXSourcesBuildPhase;
			buildActionMask = 2147483647;
			files = (
				CAE91CF122C85930002DE4EA /* ID3Tag.swift in Sources */,
				CA1E80A022C810B500BE2803 /* MediaTarget.swift in Sources */,
				CAE91CEF22C83FAB002DE4EA /* MediaTargetTableViewController.swift in Sources */,
				CAE91CED22C83BB3002DE4EA /* MediaTargetProvider.swift in Sources */,
				CA1E808422C8083500BE2803 /* AppDelegate.swift in Sources */,
			);
			runOnlyForDeploymentPostprocessing = 0;
		};
/* End PBXSourcesBuildPhase section */

/* Begin PBXVariantGroup section */
		CA1E808722C8083500BE2803 /* Main.storyboard */ = {
			isa = PBXVariantGroup;
			children = (
				CA1E808822C8083500BE2803 /* Base */,
			);
			name = Main.storyboard;
			sourceTree = "<group>";
		};
		CA1E808C22C8083600BE2803 /* LaunchScreen.storyboard */ = {
			isa = PBXVariantGroup;
			children = (
				CA1E808D22C8083600BE2803 /* Base */,
			);
			name = LaunchScreen.storyboard;
			sourceTree = "<group>";
		};
/* End PBXVariantGroup section */

/* Begin XCBuildConfiguration section */
		CA1E809022C8083600BE2803 /* Debug */ = {
			isa = XCBuildConfiguration;
			buildSettings = {
				ALWAYS_SEARCH_USER_PATHS = NO;
				CLANG_ANALYZER_NONNULL = YES;
				CLANG_ANALYZER_NUMBER_OBJECT_CONVERSION = YES_AGGRESSIVE;
				CLANG_CXX_LANGUAGE_STANDARD = "gnu++14";
				CLANG_CXX_LIBRARY = "libc++";
				CLANG_ENABLE_MODULES = YES;
				CLANG_ENABLE_OBJC_ARC = YES;
				CLANG_ENABLE_OBJC_WEAK = YES;
				CLANG_WARN_BLOCK_CAPTURE_AUTORELEASING = YES;
				CLANG_WARN_BOOL_CONVERSION = YES;
				CLANG_WARN_COMMA = YES;
				CLANG_WARN_CONSTANT_CONVERSION = YES;
				CLANG_WARN_DEPRECATED_OBJC_IMPLEMENTATIONS = YES;
				CLANG_WARN_DIRECT_OBJC_ISA_USAGE = YES_ERROR;
				CLANG_WARN_DOCUMENTATION_COMMENTS = YES;
				CLANG_WARN_EMPTY_BODY = YES;
				CLANG_WARN_ENUM_CONVERSION = YES;
				CLANG_WARN_INFINITE_RECURSION = YES;
				CLANG_WARN_INT_CONVERSION = YES;
				CLANG_WARN_NON_LITERAL_NULL_CONVERSION = YES;
				CLANG_WARN_OBJC_IMPLICIT_RETAIN_SELF = YES;
				CLANG_WARN_OBJC_LITERAL_CONVERSION = YES;
				CLANG_WARN_OBJC_ROOT_CLASS = YES_ERROR;
				CLANG_WARN_RANGE_LOOP_ANALYSIS = YES;
				CLANG_WARN_STRICT_PROTOTYPES = YES;
				CLANG_WARN_SUSPICIOUS_MOVE = YES;
				CLANG_WARN_UNGUARDED_AVAILABILITY = YES_AGGRESSIVE;
				CLANG_WARN_UNREACHABLE_CODE = YES;
				CLANG_WARN__DUPLICATE_METHOD_MATCH = YES;
				CODE_SIGN_IDENTITY = "iPhone Developer";
				COPY_PHASE_STRIP = NO;
				DEBUG_INFORMATION_FORMAT = dwarf;
				ENABLE_STRICT_OBJC_MSGSEND = YES;
				ENABLE_TESTABILITY = YES;
				GCC_C_LANGUAGE_STANDARD = gnu11;
				GCC_DYNAMIC_NO_PIC = NO;
				GCC_NO_COMMON_BLOCKS = YES;
				GCC_OPTIMIZATION_LEVEL = 0;
				GCC_PREPROCESSOR_DEFINITIONS = (
					"DEBUG=1",
					"$(inherited)",
				);
				GCC_WARN_64_TO_32_BIT_CONVERSION = YES;
				GCC_WARN_ABOUT_RETURN_TYPE = YES_ERROR;
				GCC_WARN_UNDECLARED_SELECTOR = YES;
				GCC_WARN_UNINITIALIZED_AUTOS = YES_AGGRESSIVE;
				GCC_WARN_UNUSED_FUNCTION = YES;
				GCC_WARN_UNUSED_VARIABLE = YES;
				IPHONEOS_DEPLOYMENT_TARGET = 12.2;
				MTL_ENABLE_DEBUG_INFO = INCLUDE_SOURCE;
				MTL_FAST_MATH = YES;
				ONLY_ACTIVE_ARCH = YES;
				SDKROOT = iphoneos;
				SWIFT_ACTIVE_COMPILATION_CONDITIONS = DEBUG;
				SWIFT_OPTIMIZATION_LEVEL = "-Onone";
			};
			name = Debug;
		};
		CA1E809122C8083600BE2803 /* Release */ = {
			isa = XCBuildConfiguration;
			buildSettings = {
				ALWAYS_SEARCH_USER_PATHS = NO;
				CLANG_ANALYZER_NONNULL = YES;
				CLANG_ANALYZER_NUMBER_OBJECT_CONVERSION = YES_AGGRESSIVE;
				CLANG_CXX_LANGUAGE_STANDARD = "gnu++14";
				CLANG_CXX_LIBRARY = "libc++";
				CLANG_ENABLE_MODULES = YES;
				CLANG_ENABLE_OBJC_ARC = YES;
				CLANG_ENABLE_OBJC_WEAK = YES;
				CLANG_WARN_BLOCK_CAPTURE_AUTORELEASING = YES;
				CLANG_WARN_BOOL_CONVERSION = YES;
				CLANG_WARN_COMMA = YES;
				CLANG_WARN_CONSTANT_CONVERSION = YES;
				CLANG_WARN_DEPRECATED_OBJC_IMPLEMENTATIONS = YES;
				CLANG_WARN_DIRECT_OBJC_ISA_USAGE = YES_ERROR;
				CLANG_WARN_DOCUMENTATION_COMMENTS = YES;
				CLANG_WARN_EMPTY_BODY = YES;
				CLANG_WARN_ENUM_CONVERSION = YES;
				CLANG_WARN_INFINITE_RECURSION = YES;
				CLANG_WARN_INT_CONVERSION = YES;
				CLANG_WARN_NON_LITERAL_NULL_CONVERSION = YES;
				CLANG_WARN_OBJC_IMPLICIT_RETAIN_SELF = YES;
				CLANG_WARN_OBJC_LITERAL_CONVERSION = YES;
				CLANG_WARN_OBJC_ROOT_CLASS = YES_ERROR;
				CLANG_WARN_RANGE_LOOP_ANALYSIS = YES;
				CLANG_WARN_STRICT_PROTOTYPES = YES;
				CLANG_WARN_SUSPICIOUS_MOVE = YES;
				CLANG_WARN_UNGUARDED_AVAILABILITY = YES_AGGRESSIVE;
				CLANG_WARN_UNREACHABLE_CODE = YES;
				CLANG_WARN__DUPLICATE_METHOD_MATCH = YES;
				CODE_SIGN_IDENTITY = "iPhone Developer";
				COPY_PHASE_STRIP = NO;
				DEBUG_INFORMATION_FORMAT = "dwarf-with-dsym";
				ENABLE_NS_ASSERTIONS = NO;
				ENABLE_STRICT_OBJC_MSGSEND = YES;
				GCC_C_LANGUAGE_STANDARD = gnu11;
				GCC_NO_COMMON_BLOCKS = YES;
				GCC_WARN_64_TO_32_BIT_CONVERSION = YES;
				GCC_WARN_ABOUT_RETURN_TYPE = YES_ERROR;
				GCC_WARN_UNDECLARED_SELECTOR = YES;
				GCC_WARN_UNINITIALIZED_AUTOS = YES_AGGRESSIVE;
				GCC_WARN_UNUSED_FUNCTION = YES;
				GCC_WARN_UNUSED_VARIABLE = YES;
				IPHONEOS_DEPLOYMENT_TARGET = 12.2;
				MTL_ENABLE_DEBUG_INFO = NO;
				MTL_FAST_MATH = YES;
				SDKROOT = iphoneos;
				SWIFT_COMPILATION_MODE = wholemodule;
				SWIFT_OPTIMIZATION_LEVEL = "-O";
				VALIDATE_PRODUCT = YES;
			};
			name = Release;
		};
		CA1E809322C8083600BE2803 /* Debug */ = {
			isa = XCBuildConfiguration;
			buildSettings = {
				ASSETCATALOG_COMPILER_APPICON_NAME = AppIcon;
				CODE_SIGN_STYLE = Automatic;
				DEVELOPMENT_TEAM = Z3G9Q543T8;
				INFOPLIST_FILE = Shadowing/Info.plist;
				LD_RUNPATH_SEARCH_PATHS = (
					"$(inherited)",
					"@executable_path/Frameworks",
				);
				PRODUCT_BUNDLE_IDENTIFIER = com.zalewskerson.Shadowing;
				PRODUCT_NAME = "$(TARGET_NAME)";
				SWIFT_VERSION = 5.0;
				TARGETED_DEVICE_FAMILY = "1,2";
			};
			name = Debug;
		};
		CA1E809422C8083600BE2803 /* Release */ = {
			isa = XCBuildConfiguration;
			buildSettings = {
				ASSETCATALOG_COMPILER_APPICON_NAME = AppIcon;
				CODE_SIGN_STYLE = Automatic;
				DEVELOPMENT_TEAM = Z3G9Q543T8;
				INFOPLIST_FILE = Shadowing/Info.plist;
				LD_RUNPATH_SEARCH_PATHS = (
					"$(inherited)",
					"@executable_path/Frameworks",
				);
				PRODUCT_BUNDLE_IDENTIFIER = com.zalewskerson.Shadowing;
				PRODUCT_NAME = "$(TARGET_NAME)";
				SWIFT_VERSION = 5.0;
				TARGETED_DEVICE_FAMILY = "1,2";
			};
			name = Release;
		};
/* End XCBuildConfiguration section */

/* Begin XCConfigurationList section */
		CA1E807B22C8083500BE2803 /* Build configuration list for PBXProject "Shadowing" */ = {
			isa = XCConfigurationList;
			buildConfigurations = (
				CA1E809022C8083600BE2803 /* Debug */,
				CA1E809122C8083600BE2803 /* Release */,
			);
			defaultConfigurationIsVisible = 0;
			defaultConfigurationName = Release;
		};
		CA1E809222C8083600BE2803 /* Build configuration list for PBXNativeTarget "Shadowing" */ = {
			isa = XCConfigurationList;
			buildConfigurations = (
				CA1E809322C8083600BE2803 /* Debug */,
				CA1E809422C8083600BE2803 /* Release */,
			);
			defaultConfigurationIsVisible = 0;
			defaultConfigurationName = Release;
		};
/* End XCConfigurationList section */
	};
	rootObject = CA1E807822C8083500BE2803 /* Project object */;
}
